
Microsoft Visual Studio Solution File, Format Version 12.00
# Visual Studio Version 16
VisualStudioVersion = 16.0.30907.101
MinimumVisualStudioVersion = 10.0.40219.1
Project("{FAE04EC0-301F-11D3-BF4B-00C04F79EFBC}") = "RandomNumbersDemo", "RandomNumbersDemo\RandomNumbersDemo.csproj", "{55F748F5-D78A-43B4-A8C1-75C43E8DCD5F}"
EndProject
Global
	GlobalSection(SolutionConfigurationPlatforms) = preSolution
		Debug|Any CPU = Debug|Any CPU
		Release|Any CPU = Release|Any CPU
	EndGlobalSection
	GlobalSection(ProjectConfigurationPlatforms) = postSolution
		{55F748F5-D78A-43B4-A8C1-75C43E8DCD5F}.Debug|Any CPU.ActiveCfg = Debug|Any CPU
		{55F748F5-D78A-43B4-A8C1-75C43E8DCD5F}.Debug|Any CPU.Build.0 = Debug|Any CPU
		{55F748F5-D78A-43B4-A8C1-75C43E8DCD5F}.Release|Any CPU.ActiveCfg = Release|Any CPU
		{55F748F5-D78A-43B4-A8C1-75C43E8DCD5F}.Release|Any CPU.Build.0 = Release|Any CPU
	EndGlobalSection
	GlobalSection(SolutionProperties) = preSolution
		HideSolutionNode = FALSE
	EndGlobalSection
	GlobalSection(ExtensibilityGlobals) = postSolution
		SolutionGuid = {6E724202-5CBB-4618-A682-27EC938D12AE}
	EndGlobalSection
EndGlobal
