
Microsoft Visual Studio Solution File, Format Version 12.00
# Visual Studio Version 16
VisualStudioVersion = 16.0.30907.101
MinimumVisualStudioVersion = 10.0.40219.1
Project("{FAE04EC0-301F-11D3-BF4B-00C04F79EFBC}") = "ExtensionMethodsDemo", "ExtensionMethodsDemo\ExtensionMethodsDemo.csproj", "{B54525F7-5FB5-42B3-A302-94DB33555122}"
EndProject
Global
	GlobalSection(SolutionConfigurationPlatforms) = preSolution
		Debug|Any CPU = Debug|Any CPU
		Release|Any CPU = Release|Any CPU
	EndGlobalSection
	GlobalSection(ProjectConfigurationPlatforms) = postSolution
		{B54525F7-5FB5-42B3-A302-94DB33555122}.Debug|Any CPU.ActiveCfg = Debug|Any CPU
		{B54525F7-5FB5-42B3-A302-94DB33555122}.Debug|Any CPU.Build.0 = Debug|Any CPU
		{B54525F7-5FB5-42B3-A302-94DB33555122}.Release|Any CPU.ActiveCfg = Release|Any CPU
		{B54525F7-5FB5-42B3-A302-94DB33555122}.Release|Any CPU.Build.0 = Release|Any CPU
	EndGlobalSection
	GlobalSection(SolutionProperties) = preSolution
		HideSolutionNode = FALSE
	EndGlobalSection
	GlobalSection(ExtensibilityGlobals) = postSolution
		SolutionGuid = {8FC9E656-4409-4910-9593-DEE7FCFB03B9}
	EndGlobalSection
EndGlobal
